workspace:
  packages:
    arrays:
      path: arrays
      dependencies:
        - bifunctors
        - control
        - foldable-traversable
        - functions
        - maybe
        - nonempty
        - partial
        - prelude
        - safe-coerce
        - st
        - tailrec
        - tuples
        - unfoldable
        - unsafe-coerce
      test_dependencies:
        - assert
        - console
        - const
        - minibench
      build_plan:
        - assert
        - bifunctors
        - console
        - const
        - contravariant
        - control
        - distributive
        - effect
        - either
        - exists
        - foldable-traversable
        - functions
        - functors
        - identity
        - integers
        - invariant
        - maybe
        - minibench
        - newtype
        - nonempty
        - numbers
        - orders
        - partial
        - prelude
        - profunctor
        - refs
        - safe-coerce
        - st
        - tailrec
        - tuples
        - type-equality
        - unfoldable
        - unsafe-coerce
    assert:
      path: assert
      dependencies:
        - console
        - effect
        - prelude
      test_dependencies: []
      build_plan:
        - console
        - effect
        - prelude
    console:
      path: console
      dependencies:
        - effect
        - prelude
      test_dependencies: []
      build_plan:
        - effect
        - prelude
    control:
      path: control
      dependencies:
        - newtype
        - prelude
      test_dependencies:
        - effect
      build_plan:
        - effect
        - newtype
        - prelude
        - safe-coerce
        - unsafe-coerce
    core:
      path: ./
      dependencies: []
      test_dependencies: []
      build_plan: []
    effect:
      path: effect
      dependencies:
        - prelude
      test_dependencies: []
      build_plan:
        - prelude
    exceptions:
      path: exceptions
      dependencies:
        - effect
        - either
        - maybe
        - prelude
      test_dependencies: []
      build_plan:
        - control
        - effect
        - either
        - invariant
        - maybe
        - newtype
        - prelude
        - safe-coerce
        - unsafe-coerce
    foldable-traversable:
      path: foldable-traversable
      dependencies:
        - bifunctors
        - const
        - control
        - either
        - functors
        - identity
        - maybe
        - newtype
        - orders
        - prelude
        - tuples
      test_dependencies:
        - assert
        - console
        - integers
        - unsafe-coerce
      build_plan:
        - assert
        - bifunctors
        - console
        - const
        - contravariant
        - control
        - distributive
        - effect
        - either
        - exists
        - functions
        - functors
        - identity
        - integers
        - invariant
        - maybe
        - newtype
        - numbers
        - orders
        - partial
        - prelude
        - profunctor
        - safe-coerce
        - tuples
        - type-equality
        - unsafe-coerce
    integers:
      path: integers
      dependencies:
        - maybe
        - numbers
        - prelude
      test_dependencies:
        - assert
        - console
        - partial
      build_plan:
        - assert
        - console
        - control
        - effect
        - functions
        - invariant
        - maybe
        - newtype
        - numbers
        - partial
        - prelude
        - safe-coerce
        - unsafe-coerce
    lazy:
      path: lazy
      dependencies:
        - control
        - effect
        - foldable-traversable
        - invariant
        - prelude
      test_dependencies:
        - assert
        - console
        - effect
      build_plan:
        - assert
        - bifunctors
        - console
        - const
        - contravariant
        - control
        - distributive
        - effect
        - either
        - exists
        - foldable-traversable
        - functions
        - functors
        - identity
        - integers
        - invariant
        - maybe
        - newtype
        - numbers
        - orders
        - partial
        - prelude
        - profunctor
        - safe-coerce
        - tuples
        - type-equality
        - unsafe-coerce
    minibench:
      path: minibench
      dependencies:
        - console
        - effect
        - integers
        - numbers
        - partial
        - prelude
        - refs
      test_dependencies:
        - assert
        - console
        - effect
      build_plan:
        - assert
        - console
        - control
        - effect
        - functions
        - integers
        - invariant
        - maybe
        - newtype
        - numbers
        - partial
        - prelude
        - refs
        - safe-coerce
        - unsafe-coerce
    numbers:
      path: numbers
      dependencies:
        - functions
        - maybe
      test_dependencies:
        - assert
      build_plan:
        - assert
        - console
        - control
        - effect
        - functions
        - invariant
        - maybe
        - newtype
        - prelude
        - safe-coerce
        - unsafe-coerce
    prelude:
      path: prelude
      dependencies: []
      test_dependencies: []
      build_plan: []
    record:
      path: record
      dependencies:
        - functions
        - prelude
        - unsafe-coerce
      test_dependencies:
        - assert
      build_plan:
        - assert
        - console
        - effect
        - functions
        - prelude
        - unsafe-coerce
    st:
      path: st
      dependencies:
        - partial
        - prelude
        - tailrec
        - unsafe-coerce
      test_dependencies:
        - assert
        - console
        - partial
      build_plan:
        - assert
        - bifunctors
        - console
        - const
        - control
        - effect
        - either
        - identity
        - invariant
        - maybe
        - newtype
        - partial
        - prelude
        - refs
        - safe-coerce
        - tailrec
        - tuples
        - unsafe-coerce
  package_set:
    address:
      url: https://raw.githubusercontent.com/purescm/purescm/14a9497e54da7890374d19544629d4dbca62fa7d/package-sets/1.0.0.json
    compiler: ">=0.15.10 <0.16.0"
    content:
      arrays:
        git: https://github.com/purescm/purescript-core.git
        ref: 154d77119aa25b70f07f4b880dcba41ed811a852
        subdir: arrays
      assert:
        git: https://github.com/purescm/purescript-core.git
        ref: 154d77119aa25b70f07f4b880dcba41ed811a852
        subdir: assert
      bifunctors: 6.0.0
      catenable-lists: 7.0.0
      console:
        git: https://github.com/purescm/purescript-core.git
        ref: 154d77119aa25b70f07f4b880dcba41ed811a852
        subdir: console
      const: 6.0.0
      contravariant: 6.0.0
      control:
        git: https://github.com/purescm/purescript-core.git
        ref: 154d77119aa25b70f07f4b880dcba41ed811a852
        subdir: control
      distributive: 6.0.0
      effect:
        git: https://github.com/purescm/purescript-core.git
        ref: 154d77119aa25b70f07f4b880dcba41ed811a852
        subdir: effect
      either: 6.1.0
      enums:
        git: https://github.com/purescm/purescript-core.git
        ref: 154d77119aa25b70f07f4b880dcba41ed811a852
        subdir: enums
      exceptions:
        git: https://github.com/purescm/purescript-core.git
        ref: 154d77119aa25b70f07f4b880dcba41ed811a852
        subdir: exceptions
      exists: 6.0.0
      filterable: 5.0.0
      foldable-traversable:
        git: https://github.com/purescm/purescript-core.git
        ref: 154d77119aa25b70f07f4b880dcba41ed811a852
        subdir: foldable-traversable
      free: 7.1.0
      functions:
        git: https://github.com/purescm/purescript-core.git
        ref: 154d77119aa25b70f07f4b880dcba41ed811a852
        subdir: functions
        dependencies:
          - prelude
      functors: 5.0.0
      gen: 4.0.0
      identity: 6.0.0
      integers:
        git: https://github.com/purescm/purescript-core.git
        ref: 154d77119aa25b70f07f4b880dcba41ed811a852
        subdir: integers
      invariant: 6.0.0
      lazy:
        git: https://github.com/purescm/purescript-core.git
        ref: 154d77119aa25b70f07f4b880dcba41ed811a852
        subdir: lazy
      lists: 7.0.0
      maybe: 6.0.0
      minibench:
        git: https://github.com/purescm/purescript-core.git
        ref: 154d77119aa25b70f07f4b880dcba41ed811a852
        subdir: minibench
      newtype: 5.0.0
      nonempty: 7.0.0
      numbers:
        git: https://github.com/purescm/purescript-core.git
        ref: 154d77119aa25b70f07f4b880dcba41ed811a852
        subdir: numbers
      ordered-collections: 3.1.1
      orders: 6.0.0
      parallel: 7.0.0
      partial:
        git: https://github.com/purescm/purescript-core.git
        ref: 154d77119aa25b70f07f4b880dcba41ed811a852
        subdir: partial
        dependencies: []
      prelude:
        git: https://github.com/purescm/purescript-core.git
        ref: 154d77119aa25b70f07f4b880dcba41ed811a852
        subdir: prelude
      profunctor: 6.0.0
      record:
        git: https://github.com/purescm/purescript-core.git
        ref: 154d77119aa25b70f07f4b880dcba41ed811a852
        subdir: record
      refs:
        git: https://github.com/purescm/purescript-core.git
        ref: 154d77119aa25b70f07f4b880dcba41ed811a852
        subdir: refs
        dependencies:
          - effect
          - prelude
      safe-coerce: 2.0.0
      semirings: 7.0.0
      st:
        git: https://github.com/purescm/purescript-core.git
        ref: 154d77119aa25b70f07f4b880dcba41ed811a852
        subdir: st
      tailrec: 6.1.0
      transformers: 6.0.0
      tuples: 7.0.0
      type-equality: 4.0.1
      unfoldable:
        git: https://github.com/purescm/purescript-core.git
        ref: 154d77119aa25b70f07f4b880dcba41ed811a852
        subdir: unfoldable
      unsafe-coerce:
        git: https://github.com/purescm/purescript-core.git
        ref: 154d77119aa25b70f07f4b880dcba41ed811a852
        subdir: unsafe-coerce
        dependencies: []
      validation: 6.0.0
  extra_packages: {}
packages:
  bifunctors:
    type: registry
    version: 6.0.0
    integrity: sha256-/gZwC9YhNxZNQpnHa5BIYerCGM2jeX9ukZiEvYxm5Nw=
    dependencies:
      - const
      - either
      - newtype
      - prelude
      - tuples
  const:
    type: registry
    version: 6.0.0
    integrity: sha256-tNrxDW8D8H4jdHE2HiPzpLy08zkzJMmGHdRqt5BQuTc=
    dependencies:
      - invariant
      - newtype
      - prelude
  contravariant:
    type: registry
    version: 6.0.0
    integrity: sha256-TP+ooAp3vvmdjfQsQJSichF5B4BPDHp3wAJoWchip6c=
    dependencies:
      - const
      - either
      - newtype
      - prelude
      - tuples
  distributive:
    type: registry
    version: 6.0.0
    integrity: sha256-HTDdmEnzigMl+02SJB88j+gAXDx9VKsbvR4MJGDPbOQ=
    dependencies:
      - identity
      - newtype
      - prelude
      - tuples
      - type-equality
  either:
    type: registry
    version: 6.1.0
    integrity: sha256-6hgTPisnMWVwQivOu2PKYcH8uqjEOOqDyaDQVUchTpY=
    dependencies:
      - control
      - invariant
      - maybe
      - prelude
  exists:
    type: registry
    version: 6.0.0
    integrity: sha256-A0JQHpTfo1dNOj9U5/Fd3xndlRSE0g2IQWOGor2yXn8=
    dependencies:
      - unsafe-coerce
  functions:
    type: git
    url: https://github.com/purescm/purescript-core.git
    rev: 154d77119aa25b70f07f4b880dcba41ed811a852
    subdir: functions
    dependencies:
      - prelude
  functors:
    type: registry
    version: 5.0.0
    integrity: sha256-zfPWWYisbD84MqwpJSZFlvM6v86McM68ob8p9s27ywU=
    dependencies:
      - bifunctors
      - const
      - contravariant
      - control
      - distributive
      - either
      - invariant
      - maybe
      - newtype
      - prelude
      - profunctor
      - tuples
      - unsafe-coerce
  identity:
    type: registry
    version: 6.0.0
    integrity: sha256-4wY0XZbAksjY6UAg99WkuKyJlQlWAfTi2ssadH0wVMY=
    dependencies:
      - control
      - invariant
      - newtype
      - prelude
  invariant:
    type: registry
    version: 6.0.0
    integrity: sha256-RGWWyYrz0Hs1KjPDA+87Kia67ZFBhfJ5lMGOMCEFoLo=
    dependencies:
      - control
      - prelude
  maybe:
    type: registry
    version: 6.0.0
    integrity: sha256-5cCIb0wPwbat2PRkQhUeZO0jcAmf8jCt2qE0wbC3v2Q=
    dependencies:
      - control
      - invariant
      - newtype
      - prelude
  newtype:
    type: registry
    version: 5.0.0
    integrity: sha256-gdrQu8oGe9eZE6L3wOI8ql/igOg+zEGB5ITh2g+uttw=
    dependencies:
      - prelude
      - safe-coerce
  nonempty:
    type: registry
    version: 7.0.0
    integrity: sha256-54ablJZUHGvvlTJzi3oXyPCuvY6zsrWJuH/dMJ/MFLs=
    dependencies:
      - control
      - foldable-traversable
      - maybe
      - prelude
      - tuples
      - unfoldable
  orders:
    type: registry
    version: 6.0.0
    integrity: sha256-nBA0g3/ai0euH8q9pSbGqk53W2q6agm/dECZTHcoink=
    dependencies:
      - newtype
      - prelude
  partial:
    type: git
    url: https://github.com/purescm/purescript-core.git
    rev: 154d77119aa25b70f07f4b880dcba41ed811a852
    subdir: partial
    dependencies: []
  profunctor:
    type: registry
    version: 6.0.0
    integrity: sha256-99NzxFgTr4CGlCSRYG1kShL+JhYbihhHtbOk1/0R5zI=
    dependencies:
      - control
      - distributive
      - either
      - exists
      - invariant
      - newtype
      - prelude
      - tuples
  refs:
    type: git
    url: https://github.com/purescm/purescript-core.git
    rev: 154d77119aa25b70f07f4b880dcba41ed811a852
    subdir: refs
    dependencies:
      - effect
      - prelude
  safe-coerce:
    type: registry
    version: 2.0.0
    integrity: sha256-a1ibQkiUcbODbLE/WAq7Ttbbh9ex+x33VCQ7GngKudU=
    dependencies:
      - unsafe-coerce
  tailrec:
    type: registry
    version: 6.1.0
    integrity: sha256-Xx19ECVDRrDWpz9D2GxQHHV89vd61dnXxQm0IcYQHGk=
    dependencies:
      - bifunctors
      - effect
      - either
      - identity
      - maybe
      - partial
      - prelude
      - refs
  tuples:
    type: registry
    version: 7.0.0
    integrity: sha256-1rXgTomes9105BjgXqIw0FL6Fz1lqqUTLWOumhWec1M=
    dependencies:
      - control
      - invariant
      - prelude
  type-equality:
    type: registry
    version: 4.0.1
    integrity: sha256-Hs9D6Y71zFi/b+qu5NSbuadUQXe5iv5iWx0226vOHUw=
    dependencies: []
  unfoldable:
    type: git
    url: https://github.com/purescm/purescript-core.git
    rev: 154d77119aa25b70f07f4b880dcba41ed811a852
    subdir: unfoldable
    dependencies:
      - foldable-traversable
      - maybe
      - partial
      - prelude
      - tuples
  unsafe-coerce:
    type: git
    url: https://github.com/purescm/purescript-core.git
    rev: 154d77119aa25b70f07f4b880dcba41ed811a852
    subdir: unsafe-coerce
    dependencies: []
